
Microsoft Visual Studio Solution File, Format Version 12.00
# Visual Studio Version 17
VisualStudioVersion = 17.13.35913.81 d17.13
MinimumVisualStudioVersion = 10.0.40219.1
Project("{888888A0-9F3D-457C-B088-3A5042F75D52}") = "MovieHit", "MovieHit\MovieHit.pyproj", "{38172E3C-F7AC-4A4F-872B-A3FD26A1E285}"
EndProject
Global
	GlobalSection(SolutionConfigurationPlatforms) = preSolution
		Debug|Any CPU = Debug|Any CPU
		Release|Any CPU = Release|Any CPU
	EndGlobalSection
	GlobalSection(ProjectConfigurationPlatforms) = postSolution
		{38172E3C-F7AC-4A4F-872B-A3FD26A1E285}.Debug|Any CPU.ActiveCfg = Debug|Any CPU
		{38172E3C-F7AC-4A4F-872B-A3FD26A1E285}.Debug|Any CPU.Build.0 = Debug|Any CPU
		{38172E3C-F7AC-4A4F-872B-A3FD26A1E285}.Release|Any CPU.ActiveCfg = Release|Any CPU
		{38172E3C-F7AC-4A4F-872B-A3FD26A1E285}.Release|Any CPU.Build.0 = Release|Any CPU
	EndGlobalSection
	GlobalSection(SolutionProperties) = preSolution
		HideSolutionNode = FALSE
	EndGlobalSection
	GlobalSection(ExtensibilityGlobals) = postSolution
		SolutionGuid = {2956231A-5279-4275-A447-ADE404837DE4}
	EndGlobalSection
EndGlobal
